
Microsoft Visual Studio Solution File, Format Version 12.00
# Visual Studio Version 17
VisualStudioVersion = 17.4.33103.184
MinimumVisualStudioVersion = 10.0.40219.1
Project("{FAE04EC0-301F-11D3-BF4B-00C04F79EFBC}") = "ViewComponentPartialViewAssignment", "ViewComponentPartialViewAssignment\ViewComponentPartialViewAssignment.csproj", "{9C6E07EE-9C08-438B-A443-BBC104BD878D}"
EndProject
Global
	GlobalSection(SolutionConfigurationPlatforms) = preSolution
		Debug|Any CPU = Debug|Any CPU
		Release|Any CPU = Release|Any CPU
	EndGlobalSection
	GlobalSection(ProjectConfigurationPlatforms) = postSolution
		{9C6E07EE-9C08-438B-A443-BBC104BD878D}.Debug|Any CPU.ActiveCfg = Debug|Any CPU
		{9C6E07EE-9C08-438B-A443-BBC104BD878D}.Debug|Any CPU.Build.0 = Debug|Any CPU
		{9C6E07EE-9C08-438B-A443-BBC104BD878D}.Release|Any CPU.ActiveCfg = Release|Any CPU
		{9C6E07EE-9C08-438B-A443-BBC104BD878D}.Release|Any CPU.Build.0 = Release|Any CPU
	EndGlobalSection
	GlobalSection(SolutionProperties) = preSolution
		HideSolutionNode = FALSE
	EndGlobalSection
	GlobalSection(ExtensibilityGlobals) = postSolution
		SolutionGuid = {4488F965-8D0E-4F74-9593-11256B88A24E}
	EndGlobalSection
EndGlobal
